
Microsoft Visual Studio Solution File, Format Version 12.00
Project("{FAE04EC0-301F-11D3-BF4B-00C04F79EFBC}") = "GitcSimulator", "GitcSimulator\GitcSimulator.csproj", "{8E500792-1E4A-438F-A79A-74E8A6B7A7EF}"
EndProject
Project("{FAE04EC0-301F-11D3-BF4B-00C04F79EFBC}") = "GitcSimulator.Core", "GitcSimulator.Core\GitcSimulator.Core.csproj", "{843F0132-9EE0-452B-96C8-38004133A9F4}"
EndProject
Project("{2150E333-8FDC-42A3-9474-1A3956D46DE8}") = "Tests", "Tests", "{FAE727E9-3769-4664-9F69-8A771C7C0DB6}"
EndProject
Project("{FAE04EC0-301F-11D3-BF4B-00C04F79EFBC}") = "GitcSimulator.Core.Tests", "Tests\GitcSimulator.Core.Tests\GitcSimulator.Core.Tests.csproj", "{7BC786F4-154E-42B0-B365-2F56207A5A55}"
EndProject
Project("{2150E333-8FDC-42A3-9474-1A3956D46DE8}") = "Other Files", "Other Files", "{3ECF1EA2-6D5E-43E3-87DC-5495AA4A6BE0}"
	ProjectSection(SolutionItems) = preProject
		..\.editorconfig = ..\.editorconfig
		..\FileLayout.xml = ..\FileLayout.xml
		Directory.Build.props = Directory.Build.props
		Style.xml = Style.xml
	EndProjectSection
EndProject
Project("{FAE04EC0-301F-11D3-BF4B-00C04F79EFBC}") = "GitcSimulator.Data", "GitcSimulator.Data\GitcSimulator.Data.csproj", "{48CC8CC3-8875-490A-B362-96D8E1543542}"
EndProject
Global
	GlobalSection(SolutionConfigurationPlatforms) = preSolution
		Debug|Any CPU = Debug|Any CPU
		Release|Any CPU = Release|Any CPU
	EndGlobalSection
	GlobalSection(ProjectConfigurationPlatforms) = postSolution
		{8E500792-1E4A-438F-A79A-74E8A6B7A7EF}.Debug|Any CPU.ActiveCfg = Debug|Any CPU
		{8E500792-1E4A-438F-A79A-74E8A6B7A7EF}.Debug|Any CPU.Build.0 = Debug|Any CPU
		{8E500792-1E4A-438F-A79A-74E8A6B7A7EF}.Release|Any CPU.ActiveCfg = Release|Any CPU
		{8E500792-1E4A-438F-A79A-74E8A6B7A7EF}.Release|Any CPU.Build.0 = Release|Any CPU
		{843F0132-9EE0-452B-96C8-38004133A9F4}.Debug|Any CPU.ActiveCfg = Debug|Any CPU
		{843F0132-9EE0-452B-96C8-38004133A9F4}.Debug|Any CPU.Build.0 = Debug|Any CPU
		{843F0132-9EE0-452B-96C8-38004133A9F4}.Release|Any CPU.ActiveCfg = Release|Any CPU
		{843F0132-9EE0-452B-96C8-38004133A9F4}.Release|Any CPU.Build.0 = Release|Any CPU
		{7BC786F4-154E-42B0-B365-2F56207A5A55}.Debug|Any CPU.ActiveCfg = Debug|Any CPU
		{7BC786F4-154E-42B0-B365-2F56207A5A55}.Debug|Any CPU.Build.0 = Debug|Any CPU
		{7BC786F4-154E-42B0-B365-2F56207A5A55}.Release|Any CPU.ActiveCfg = Release|Any CPU
		{7BC786F4-154E-42B0-B365-2F56207A5A55}.Release|Any CPU.Build.0 = Release|Any CPU
		{48CC8CC3-8875-490A-B362-96D8E1543542}.Debug|Any CPU.ActiveCfg = Debug|Any CPU
		{48CC8CC3-8875-490A-B362-96D8E1543542}.Debug|Any CPU.Build.0 = Debug|Any CPU
		{48CC8CC3-8875-490A-B362-96D8E1543542}.Release|Any CPU.ActiveCfg = Release|Any CPU
		{48CC8CC3-8875-490A-B362-96D8E1543542}.Release|Any CPU.Build.0 = Release|Any CPU
	EndGlobalSection
	GlobalSection(NestedProjects) = preSolution
		{7BC786F4-154E-42B0-B365-2F56207A5A55} = {FAE727E9-3769-4664-9F69-8A771C7C0DB6}
	EndGlobalSection
EndGlobal
